
Microsoft Visual Studio Solution File, Format Version 11.00
# Visual C# Express 2010
Project("{FAE04EC0-301F-11D3-BF4B-00C04F79EFBC}") = "EmbeddedDesignerStudio", "EmbeddedDesignerStudio\EmbeddedDesignerStudio.csproj", "{B20BE275-3842-466F-89B5-6DDF1B058F1D}"
EndProject
Project("{FAE04EC0-301F-11D3-BF4B-00C04F79EFBC}") = "AspectModule", "AspectModule\AspectModule.csproj", "{87A13D04-220F-4501-A069-7B6EE3007853}"
EndProject
Project("{FAE04EC0-301F-11D3-BF4B-00C04F79EFBC}") = "BindingModule", "BindingModule\BindingModule.csproj", "{3929328D-8EC1-409D-8FB5-60CC9A4958E1}"
EndProject
Project("{FAE04EC0-301F-11D3-BF4B-00C04F79EFBC}") = "Controls", "Controls\Controls.csproj", "{5E9FABB7-2406-4C5B-9CA2-013F50C3C19B}"
EndProject
Project("{FAE04EC0-301F-11D3-BF4B-00C04F79EFBC}") = "Core", "Core\Core.csproj", "{6541FB8E-E0B0-4FBC-A62F-18C8AFD6C1E1}"
EndProject
Project("{FAE04EC0-301F-11D3-BF4B-00C04F79EFBC}") = "LoggerModule", "LoggerModule\LoggerModule.csproj", "{058E685A-4FC6-42A4-9AC0-178BB49FDAE6}"
EndProject
Project("{FAE04EC0-301F-11D3-BF4B-00C04F79EFBC}") = "NameProviderModule", "NameProviderModule\NameProviderModule.csproj", "{6D540E39-1D29-4193-8400-6EAB8F996CC8}"
EndProject
Project("{FAE04EC0-301F-11D3-BF4B-00C04F79EFBC}") = "RegistryProviderModule", "RegistryProviderModule\RegistryProviderModule.csproj", "{233D9EFD-767E-4BEE-AC2E-BAAE5638297D}"
EndProject
Project("{FAE04EC0-301F-11D3-BF4B-00C04F79EFBC}") = "SettingsModule", "SettingsModule\SettingsModule.csproj", "{46664933-2AA2-44AA-8B9A-292AB8381F56}"
EndProject
Project("{FAE04EC0-301F-11D3-BF4B-00C04F79EFBC}") = "TemplateProviderModule", "TemplateProviderModule\TemplateProviderModule.csproj", "{342D7B24-51B8-4986-9484-786DC936ED95}"
EndProject
Project("{FAE04EC0-301F-11D3-BF4B-00C04F79EFBC}") = "WorkspaceProviderModule", "WorkspaceProviderModule\WorkspaceProviderModule.csproj", "{1E8CD582-1ACD-492F-9A08-EE86671D9BDD}"
EndProject
Project("{FAE04EC0-301F-11D3-BF4B-00C04F79EFBC}") = "GuiModule", "GuiModule\GuiModule.csproj", "{E50EE60A-A549-4D77-8624-5EDF2FB8F001}"
EndProject
Project("{FAE04EC0-301F-11D3-BF4B-00C04F79EFBC}") = "WpfUserControls", "WpfUserControls\WpfUserControls.csproj", "{DACD372C-0AB0-4B12-8969-A23F948EEE62}"
EndProject
Global
	GlobalSection(SolutionConfigurationPlatforms) = preSolution
		Debug|Any CPU = Debug|Any CPU
		Debug|Mixed Platforms = Debug|Mixed Platforms
		Debug|x86 = Debug|x86
		Release|Any CPU = Release|Any CPU
		Release|Mixed Platforms = Release|Mixed Platforms
		Release|x86 = Release|x86
	EndGlobalSection
	GlobalSection(ProjectConfigurationPlatforms) = postSolution
		{B20BE275-3842-466F-89B5-6DDF1B058F1D}.Debug|Any CPU.ActiveCfg = Debug|x86
		{B20BE275-3842-466F-89B5-6DDF1B058F1D}.Debug|Mixed Platforms.ActiveCfg = Debug|x86
		{B20BE275-3842-466F-89B5-6DDF1B058F1D}.Debug|Mixed Platforms.Build.0 = Debug|x86
		{B20BE275-3842-466F-89B5-6DDF1B058F1D}.Debug|x86.ActiveCfg = Debug|x86
		{B20BE275-3842-466F-89B5-6DDF1B058F1D}.Debug|x86.Build.0 = Debug|x86
		{B20BE275-3842-466F-89B5-6DDF1B058F1D}.Release|Any CPU.ActiveCfg = Release|x86
		{B20BE275-3842-466F-89B5-6DDF1B058F1D}.Release|Mixed Platforms.ActiveCfg = Release|x86
		{B20BE275-3842-466F-89B5-6DDF1B058F1D}.Release|Mixed Platforms.Build.0 = Release|x86
		{B20BE275-3842-466F-89B5-6DDF1B058F1D}.Release|x86.ActiveCfg = Release|x86
		{B20BE275-3842-466F-89B5-6DDF1B058F1D}.Release|x86.Build.0 = Release|x86
		{87A13D04-220F-4501-A069-7B6EE3007853}.Debug|Any CPU.ActiveCfg = Debug|Any CPU
		{87A13D04-220F-4501-A069-7B6EE3007853}.Debug|Any CPU.Build.0 = Debug|Any CPU
		{87A13D04-220F-4501-A069-7B6EE3007853}.Debug|Mixed Platforms.ActiveCfg = Debug|Any CPU
		{87A13D04-220F-4501-A069-7B6EE3007853}.Debug|Mixed Platforms.Build.0 = Debug|Any CPU
		{87A13D04-220F-4501-A069-7B6EE3007853}.Debug|x86.ActiveCfg = Debug|Any CPU
		{87A13D04-220F-4501-A069-7B6EE3007853}.Release|Any CPU.ActiveCfg = Release|Any CPU
		{87A13D04-220F-4501-A069-7B6EE3007853}.Release|Any CPU.Build.0 = Release|Any CPU
		{87A13D04-220F-4501-A069-7B6EE3007853}.Release|Mixed Platforms.ActiveCfg = Release|Any CPU
		{87A13D04-220F-4501-A069-7B6EE3007853}.Release|Mixed Platforms.Build.0 = Release|Any CPU
		{87A13D04-220F-4501-A069-7B6EE3007853}.Release|x86.ActiveCfg = Release|Any CPU
		{3929328D-8EC1-409D-8FB5-60CC9A4958E1}.Debug|Any CPU.ActiveCfg = Debug|Any CPU
		{3929328D-8EC1-409D-8FB5-60CC9A4958E1}.Debug|Any CPU.Build.0 = Debug|Any CPU
		{3929328D-8EC1-409D-8FB5-60CC9A4958E1}.Debug|Mixed Platforms.ActiveCfg = Debug|Any CPU
		{3929328D-8EC1-409D-8FB5-60CC9A4958E1}.Debug|Mixed Platforms.Build.0 = Debug|Any CPU
		{3929328D-8EC1-409D-8FB5-60CC9A4958E1}.Debug|x86.ActiveCfg = Debug|Any CPU
		{3929328D-8EC1-409D-8FB5-60CC9A4958E1}.Release|Any CPU.ActiveCfg = Release|Any CPU
		{3929328D-8EC1-409D-8FB5-60CC9A4958E1}.Release|Any CPU.Build.0 = Release|Any CPU
		{3929328D-8EC1-409D-8FB5-60CC9A4958E1}.Release|Mixed Platforms.ActiveCfg = Release|Any CPU
		{3929328D-8EC1-409D-8FB5-60CC9A4958E1}.Release|Mixed Platforms.Build.0 = Release|Any CPU
		{3929328D-8EC1-409D-8FB5-60CC9A4958E1}.Release|x86.ActiveCfg = Release|Any CPU
		{5E9FABB7-2406-4C5B-9CA2-013F50C3C19B}.Debug|Any CPU.ActiveCfg = Debug|Any CPU
		{5E9FABB7-2406-4C5B-9CA2-013F50C3C19B}.Debug|Any CPU.Build.0 = Debug|Any CPU
		{5E9FABB7-2406-4C5B-9CA2-013F50C3C19B}.Debug|Mixed Platforms.ActiveCfg = Debug|Any CPU
		{5E9FABB7-2406-4C5B-9CA2-013F50C3C19B}.Debug|Mixed Platforms.Build.0 = Debug|Any CPU
		{5E9FABB7-2406-4C5B-9CA2-013F50C3C19B}.Debug|x86.ActiveCfg = Debug|Any CPU
		{5E9FABB7-2406-4C5B-9CA2-013F50C3C19B}.Release|Any CPU.ActiveCfg = Release|Any CPU
		{5E9FABB7-2406-4C5B-9CA2-013F50C3C19B}.Release|Any CPU.Build.0 = Release|Any CPU
		{5E9FABB7-2406-4C5B-9CA2-013F50C3C19B}.Release|Mixed Platforms.ActiveCfg = Release|Any CPU
		{5E9FABB7-2406-4C5B-9CA2-013F50C3C19B}.Release|Mixed Platforms.Build.0 = Release|Any CPU
		{5E9FABB7-2406-4C5B-9CA2-013F50C3C19B}.Release|x86.ActiveCfg = Release|Any CPU
		{6541FB8E-E0B0-4FBC-A62F-18C8AFD6C1E1}.Debug|Any CPU.ActiveCfg = Debug|Any CPU
		{6541FB8E-E0B0-4FBC-A62F-18C8AFD6C1E1}.Debug|Any CPU.Build.0 = Debug|Any CPU
		{6541FB8E-E0B0-4FBC-A62F-18C8AFD6C1E1}.Debug|Mixed Platforms.ActiveCfg = Debug|Any CPU
		{6541FB8E-E0B0-4FBC-A62F-18C8AFD6C1E1}.Debug|Mixed Platforms.Build.0 = Debug|Any CPU
		{6541FB8E-E0B0-4FBC-A62F-18C8AFD6C1E1}.Debug|x86.ActiveCfg = Debug|Any CPU
		{6541FB8E-E0B0-4FBC-A62F-18C8AFD6C1E1}.Release|Any CPU.ActiveCfg = Release|Any CPU
		{6541FB8E-E0B0-4FBC-A62F-18C8AFD6C1E1}.Release|Any CPU.Build.0 = Release|Any CPU
		{6541FB8E-E0B0-4FBC-A62F-18C8AFD6C1E1}.Release|Mixed Platforms.ActiveCfg = Release|Any CPU
		{6541FB8E-E0B0-4FBC-A62F-18C8AFD6C1E1}.Release|Mixed Platforms.Build.0 = Release|Any CPU
		{6541FB8E-E0B0-4FBC-A62F-18C8AFD6C1E1}.Release|x86.ActiveCfg = Release|Any CPU
		{058E685A-4FC6-42A4-9AC0-178BB49FDAE6}.Debug|Any CPU.ActiveCfg = Debug|Any CPU
		{058E685A-4FC6-42A4-9AC0-178BB49FDAE6}.Debug|Any CPU.Build.0 = Debug|Any CPU
		{058E685A-4FC6-42A4-9AC0-178BB49FDAE6}.Debug|Mixed Platforms.ActiveCfg = Debug|Any CPU
		{058E685A-4FC6-42A4-9AC0-178BB49FDAE6}.Debug|Mixed Platforms.Build.0 = Debug|Any CPU
		{058E685A-4FC6-42A4-9AC0-178BB49FDAE6}.Debug|x86.ActiveCfg = Debug|Any CPU
		{058E685A-4FC6-42A4-9AC0-178BB49FDAE6}.Release|Any CPU.ActiveCfg = Release|Any CPU
		{058E685A-4FC6-42A4-9AC0-178BB49FDAE6}.Release|Any CPU.Build.0 = Release|Any CPU
		{058E685A-4FC6-42A4-9AC0-178BB49FDAE6}.Release|Mixed Platforms.ActiveCfg = Release|Any CPU
		{058E685A-4FC6-42A4-9AC0-178BB49FDAE6}.Release|Mixed Platforms.Build.0 = Release|Any CPU
		{058E685A-4FC6-42A4-9AC0-178BB49FDAE6}.Release|x86.ActiveCfg = Release|Any CPU
		{6D540E39-1D29-4193-8400-6EAB8F996CC8}.Debug|Any CPU.ActiveCfg = Debug|Any CPU
		{6D540E39-1D29-4193-8400-6EAB8F996CC8}.Debug|Any CPU.Build.0 = Debug|Any CPU
		{6D540E39-1D29-4193-8400-6EAB8F996CC8}.Debug|Mixed Platforms.ActiveCfg = Debug|Any CPU
		{6D540E39-1D29-4193-8400-6EAB8F996CC8}.Debug|Mixed Platforms.Build.0 = Debug|Any CPU
		{6D540E39-1D29-4193-8400-6EAB8F996CC8}.Debug|x86.ActiveCfg = Debug|Any CPU
		{6D540E39-1D29-4193-8400-6EAB8F996CC8}.Release|Any CPU.ActiveCfg = Release|Any CPU
		{6D540E39-1D29-4193-8400-6EAB8F996CC8}.Release|Any CPU.Build.0 = Release|Any CPU
		{6D540E39-1D29-4193-8400-6EAB8F996CC8}.Release|Mixed Platforms.ActiveCfg = Release|Any CPU
		{6D540E39-1D29-4193-8400-6EAB8F996CC8}.Release|Mixed Platforms.Build.0 = Release|Any CPU
		{6D540E39-1D29-4193-8400-6EAB8F996CC8}.Release|x86.ActiveCfg = Release|Any CPU
		{233D9EFD-767E-4BEE-AC2E-BAAE5638297D}.Debug|Any CPU.ActiveCfg = Debug|Any CPU
		{233D9EFD-767E-4BEE-AC2E-BAAE5638297D}.Debug|Any CPU.Build.0 = Debug|Any CPU
		{233D9EFD-767E-4BEE-AC2E-BAAE5638297D}.Debug|Mixed Platforms.ActiveCfg = Debug|Any CPU
		{233D9EFD-767E-4BEE-AC2E-BAAE5638297D}.Debug|Mixed Platforms.Build.0 = Debug|Any CPU
		{233D9EFD-767E-4BEE-AC2E-BAAE5638297D}.Debug|x86.ActiveCfg = Debug|Any CPU
		{233D9EFD-767E-4BEE-AC2E-BAAE5638297D}.Release|Any CPU.ActiveCfg = Release|Any CPU
		{233D9EFD-767E-4BEE-AC2E-BAAE5638297D}.Release|Any CPU.Build.0 = Release|Any CPU
		{233D9EFD-767E-4BEE-AC2E-BAAE5638297D}.Release|Mixed Platforms.ActiveCfg = Release|Any CPU
		{233D9EFD-767E-4BEE-AC2E-BAAE5638297D}.Release|Mixed Platforms.Build.0 = Release|Any CPU
		{233D9EFD-767E-4BEE-AC2E-BAAE5638297D}.Release|x86.ActiveCfg = Release|Any CPU
		{46664933-2AA2-44AA-8B9A-292AB8381F56}.Debug|Any CPU.ActiveCfg = Debug|Any CPU
		{46664933-2AA2-44AA-8B9A-292AB8381F56}.Debug|Any CPU.Build.0 = Debug|Any CPU
		{46664933-2AA2-44AA-8B9A-292AB8381F56}.Debug|Mixed Platforms.ActiveCfg = Debug|Any CPU
		{46664933-2AA2-44AA-8B9A-292AB8381F56}.Debug|Mixed Platforms.Build.0 = Debug|Any CPU
		{46664933-2AA2-44AA-8B9A-292AB8381F56}.Debug|x86.ActiveCfg = Debug|Any CPU
		{46664933-2AA2-44AA-8B9A-292AB8381F56}.Release|Any CPU.ActiveCfg = Release|Any CPU
		{46664933-2AA2-44AA-8B9A-292AB8381F56}.Release|Any CPU.Build.0 = Release|Any CPU
		{46664933-2AA2-44AA-8B9A-292AB8381F56}.Release|Mixed Platforms.ActiveCfg = Release|Any CPU
		{46664933-2AA2-44AA-8B9A-292AB8381F56}.Release|Mixed Platforms.Build.0 = Release|Any CPU
		{46664933-2AA2-44AA-8B9A-292AB8381F56}.Release|x86.ActiveCfg = Release|Any CPU
		{342D7B24-51B8-4986-9484-786DC936ED95}.Debug|Any CPU.ActiveCfg = Debug|Any CPU
		{342D7B24-51B8-4986-9484-786DC936ED95}.Debug|Any CPU.Build.0 = Debug|Any CPU
		{342D7B24-51B8-4986-9484-786DC936ED95}.Debug|Mixed Platforms.ActiveCfg = Debug|Any CPU
		{342D7B24-51B8-4986-9484-786DC936ED95}.Debug|Mixed Platforms.Build.0 = Debug|Any CPU
		{342D7B24-51B8-4986-9484-786DC936ED95}.Debug|x86.ActiveCfg = Debug|Any CPU
		{342D7B24-51B8-4986-9484-786DC936ED95}.Release|Any CPU.ActiveCfg = Release|Any CPU
		{342D7B24-51B8-4986-9484-786DC936ED95}.Release|Any CPU.Build.0 = Release|Any CPU
		{342D7B24-51B8-4986-9484-786DC936ED95}.Release|Mixed Platforms.ActiveCfg = Release|Any CPU
		{342D7B24-51B8-4986-9484-786DC936ED95}.Release|Mixed Platforms.Build.0 = Release|Any CPU
		{342D7B24-51B8-4986-9484-786DC936ED95}.Release|x86.ActiveCfg = Release|Any CPU
		{1E8CD582-1ACD-492F-9A08-EE86671D9BDD}.Debug|Any CPU.ActiveCfg = Debug|Any CPU
		{1E8CD582-1ACD-492F-9A08-EE86671D9BDD}.Debug|Any CPU.Build.0 = Debug|Any CPU
		{1E8CD582-1ACD-492F-9A08-EE86671D9BDD}.Debug|Mixed Platforms.ActiveCfg = Debug|Any CPU
		{1E8CD582-1ACD-492F-9A08-EE86671D9BDD}.Debug|Mixed Platforms.Build.0 = Debug|Any CPU
		{1E8CD582-1ACD-492F-9A08-EE86671D9BDD}.Debug|x86.ActiveCfg = Debug|Any CPU
		{1E8CD582-1ACD-492F-9A08-EE86671D9BDD}.Release|Any CPU.ActiveCfg = Release|Any CPU
		{1E8CD582-1ACD-492F-9A08-EE86671D9BDD}.Release|Any CPU.Build.0 = Release|Any CPU
		{1E8CD582-1ACD-492F-9A08-EE86671D9BDD}.Release|Mixed Platforms.ActiveCfg = Release|Any CPU
		{1E8CD582-1ACD-492F-9A08-EE86671D9BDD}.Release|Mixed Platforms.Build.0 = Release|Any CPU
		{1E8CD582-1ACD-492F-9A08-EE86671D9BDD}.Release|x86.ActiveCfg = Release|Any CPU
		{E50EE60A-A549-4D77-8624-5EDF2FB8F001}.Debug|Any CPU.ActiveCfg = Debug|x86
		{E50EE60A-A549-4D77-8624-5EDF2FB8F001}.Debug|Mixed Platforms.ActiveCfg = Debug|x86
		{E50EE60A-A549-4D77-8624-5EDF2FB8F001}.Debug|Mixed Platforms.Build.0 = Debug|x86
		{E50EE60A-A549-4D77-8624-5EDF2FB8F001}.Debug|x86.ActiveCfg = Debug|x86
		{E50EE60A-A549-4D77-8624-5EDF2FB8F001}.Debug|x86.Build.0 = Debug|x86
		{E50EE60A-A549-4D77-8624-5EDF2FB8F001}.Release|Any CPU.ActiveCfg = Release|x86
		{E50EE60A-A549-4D77-8624-5EDF2FB8F001}.Release|Mixed Platforms.ActiveCfg = Release|x86
		{E50EE60A-A549-4D77-8624-5EDF2FB8F001}.Release|Mixed Platforms.Build.0 = Release|x86
		{E50EE60A-A549-4D77-8624-5EDF2FB8F001}.Release|x86.ActiveCfg = Release|x86
		{E50EE60A-A549-4D77-8624-5EDF2FB8F001}.Release|x86.Build.0 = Release|x86
		{DACD372C-0AB0-4B12-8969-A23F948EEE62}.Debug|Any CPU.ActiveCfg = Debug|x86
		{DACD372C-0AB0-4B12-8969-A23F948EEE62}.Debug|Mixed Platforms.ActiveCfg = Debug|x86
		{DACD372C-0AB0-4B12-8969-A23F948EEE62}.Debug|Mixed Platforms.Build.0 = Debug|x86
		{DACD372C-0AB0-4B12-8969-A23F948EEE62}.Debug|x86.ActiveCfg = Debug|x86
		{DACD372C-0AB0-4B12-8969-A23F948EEE62}.Debug|x86.Build.0 = Debug|x86
		{DACD372C-0AB0-4B12-8969-A23F948EEE62}.Release|Any CPU.ActiveCfg = Release|x86
		{DACD372C-0AB0-4B12-8969-A23F948EEE62}.Release|Mixed Platforms.ActiveCfg = Release|x86
		{DACD372C-0AB0-4B12-8969-A23F948EEE62}.Release|Mixed Platforms.Build.0 = Release|x86
		{DACD372C-0AB0-4B12-8969-A23F948EEE62}.Release|x86.ActiveCfg = Release|x86
		{DACD372C-0AB0-4B12-8969-A23F948EEE62}.Release|x86.Build.0 = Release|x86
	EndGlobalSection
	GlobalSection(SolutionProperties) = preSolution
		HideSolutionNode = FALSE
	EndGlobalSection
EndGlobal
